// !$*UTF8*$!
{
	archiveVersion = 1;
	classes = {
	};
	objectVersion = 55;
	objects = {

/* Begin PBXBuildFile section */
		682730B3279505850052E4BD /* AppDelegate.swift in Sources */ = {isa = PBXBuildFile; fileRef = 682730B2279505850052E4BD /* AppDelegate.swift */; };
		682730B5279505850052E4BD /* SceneDelegate.swift in Sources */ = {isa = PBXBuildFile; fileRef = 682730B4279505850052E4BD /* SceneDelegate.swift */; };
		682730B7279505850052E4BD /* ViewController.swift in Sources */ = {isa = PBXBuildFile; fileRef = 682730B6279505850052E4BD /* ViewController.swift */; };
		682730BA279505850052E4BD /* Main.storyboard in Resources */ = {isa = PBXBuildFile; fileRef = 682730B8279505850052E4BD /* Main.storyboard */; };
		682730BC279505860052E4BD /* Assets.xcassets in Resources */ = {isa = PBXBuildFile; fileRef = 682730BB279505860052E4BD /* Assets.xcassets */; };
		682730BF279505860052E4BD /* LaunchScreen.storyboard in Resources */ = {isa = PBXBuildFile; fileRef = 682730BD279505860052E4BD /* LaunchScreen.storyboard */; };
		682730ED27965D5E0052E4BD /* GoogleService-Info.plist in Resources */ = {isa = PBXBuildFile; fileRef = 682730EC27965D5E0052E4BD /* GoogleService-Info.plist */; };
		C9AF9A053260E6CAC57558F4 /* Pods_Firebase_Auth_Project.framework in Frameworks */ = {isa = PBXBuildFile; fileRef = 6A5142F98314F8FABB230B90 /* Pods_Firebase_Auth_Project.framework */; };
/* End PBXBuildFile section */

/* Begin PBXFileReference section */
		19C5A8041E52CD838F263598 /* Pods-Firebase_Auth_Project.debug.xcconfig */ = {isa = PBXFileReference; includeInIndex = 1; lastKnownFileType = text.xcconfig; name = "Pods-Firebase_Auth_Project.debug.xcconfig"; path = "Target Support Files/Pods-Firebase_Auth_Project/Pods-Firebase_Auth_Project.debug.xcconfig"; sourceTree = "<group>"; };
		682730AF279505850052E4BD /* Firebase_Auth_Project.app */ = {isa = PBXFileReference; explicitFileType = wrapper.application; includeInIndex = 0; path = Firebase_Auth_Project.app; sourceTree = BUILT_PRODUCTS_DIR; };
		682730B2279505850052E4BD /* AppDelegate.swift */ = {isa = PBXFileReference; lastKnownFileType = sourcecode.swift; path = AppDelegate.swift; sourceTree = "<group>"; };
		682730B4279505850052E4BD /* SceneDelegate.swift */ = {isa = PBXFileReference; lastKnownFileType = sourcecode.swift; path = SceneDelegate.swift; sourceTree = "<group>"; };
		682730B6279505850052E4BD /* ViewController.swift */ = {isa = PBXFileReference; lastKnownFileType = sourcecode.swift; path = ViewController.swift; sourceTree = "<group>"; };
		682730B9279505850052E4BD /* Base */ = {isa = PBXFileReference; lastKnownFileType = file.storyboard; name = Base; path = Base.lproj/Main.storyboard; sourceTree = "<group>"; };
		682730BB279505860052E4BD /* Assets.xcassets */ = {isa = PBXFileReference; lastKnownFileType = folder.assetcatalog; path = Assets.xcassets; sourceTree = "<group>"; };
		682730BE279505860052E4BD /* Base */ = {isa = PBXFileReference; lastKnownFileType = file.storyboard; name = Base; path = Base.lproj/LaunchScreen.storyboard; sourceTree = "<group>"; };
		682730C0279505860052E4BD /* Info.plist */ = {isa = PBXFileReference; lastKnownFileType = text.plist.xml; path = Info.plist; sourceTree = "<group>"; };
		682730C6279505C40052E4BD /* Firebase_Auth_Project.entitlements */ = {isa = PBXFileReference; lastKnownFileType = text.plist.entitlements; path = Firebase_Auth_Project.entitlements; sourceTree = "<group>"; };
		682730C72795068B0052E4BD /* Firebase_Auth_ProjectRelease.entitlements */ = {isa = PBXFileReference; lastKnownFileType = text.plist.entitlements; path = Firebase_Auth_ProjectRelease.entitlements; sourceTree = "<group>"; };
		682730EC27965D5E0052E4BD /* GoogleService-Info.plist */ = {isa = PBXFileReference; fileEncoding = 4; lastKnownFileType = text.plist.xml; name = "GoogleService-Info.plist"; path = "../../google plist/auth_project/GoogleService-Info.plist"; sourceTree = "<group>"; };
		6A5142F98314F8FABB230B90 /* Pods_Firebase_Auth_Project.framework */ = {isa = PBXFileReference; explicitFileType = wrapper.framework; includeInIndex = 0; path = Pods_Firebase_Auth_Project.framework; sourceTree = BUILT_PRODUCTS_DIR; };
		B3FC8BFC298DDCE80F952AC7 /* Pods-Firebase_Auth_Project.release.xcconfig */ = {isa = PBXFileReference; includeInIndex = 1; lastKnownFileType = text.xcconfig; name = "Pods-Firebase_Auth_Project.release.xcconfig"; path = "Target Support Files/Pods-Firebase_Auth_Project/Pods-Firebase_Auth_Project.release.xcconfig"; sourceTree = "<group>"; };
/* End PBXFileReference section */

/* Begin PBXFrameworksBuildPhase section */
		682730AC279505850052E4BD /* Frameworks */ = {
			isa = PBXFrameworksBuildPhase;
			buildActionMask = 2147483647;
			files = (
				C9AF9A053260E6CAC57558F4 /* Pods_Firebase_Auth_Project.framework in Frameworks */,
			);
			runOnlyForDeploymentPostprocessing = 0;
		};
/* End PBXFrameworksBuildPhase section */

/* Begin PBXGroup section */
		527D8376322D4B5E6DB864BB /* Frameworks */ = {
			isa = PBXGroup;
			children = (
				6A5142F98314F8FABB230B90 /* Pods_Firebase_Auth_Project.framework */,
			);
			name = Frameworks;
			sourceTree = "<group>";
		};
		682730A6279505840052E4BD = {
			isa = PBXGroup;
			children = (
				682730B1279505850052E4BD /* Firebase_Auth_Project */,
				682730B0279505850052E4BD /* Products */,
				BD66DFB4F6F689C9324146ED /* Pods */,
				527D8376322D4B5E6DB864BB /* Frameworks */,
			);
			sourceTree = "<group>";
		};
		682730B0279505850052E4BD /* Products */ = {
			isa = PBXGroup;
			children = (
				682730AF279505850052E4BD /* Firebase_Auth_Project.app */,
			);
			name = Products;
			sourceTree = "<group>";
		};
		682730B1279505850052E4BD /* Firebase_Auth_Project */ = {
			isa = PBXGroup;
			children = (
				682730C72795068B0052E4BD /* Firebase_Auth_ProjectRelease.entitlements */,
				682730C6279505C40052E4BD /* Firebase_Auth_Project.entitlements */,
				682730B2279505850052E4BD /* AppDelegate.swift */,
				682730B4279505850052E4BD /* SceneDelegate.swift */,
				682730B6279505850052E4BD /* ViewController.swift */,
				682730B8279505850052E4BD /* Main.storyboard */,
				682730BB279505860052E4BD /* Assets.xcassets */,
				682730BD279505860052E4BD /* LaunchScreen.storyboard */,
				682730C0279505860052E4BD /* Info.plist */,
				682730EC27965D5E0052E4BD /* GoogleService-Info.plist */,
			);
			path = Firebase_Auth_Project;
			sourceTree = "<group>";
		};
		BD66DFB4F6F689C9324146ED /* Pods */ = {
			isa = PBXGroup;
			children = (
				19C5A8041E52CD838F263598 /* Pods-Firebase_Auth_Project.debug.xcconfig */,
				B3FC8BFC298DDCE80F952AC7 /* Pods-Firebase_Auth_Project.release.xcconfig */,
			);
			path = Pods;
			sourceTree = "<group>";
		};
/* End PBXGroup section */

/* Begin PBXNativeTarget section */
		682730AE279505850052E4BD /* Firebase_Auth_Project */ = {
			isa = PBXNativeTarget;
			buildConfigurationList = 682730C3279505860052E4BD /* Build configuration list for PBXNativeTarget "Firebase_Auth_Project" */;
			buildPhases = (
				5450D7D6999B573BD0410031 /* [CP] Check Pods Manifest.lock */,
				682730AB279505850052E4BD /* Sources */,
				682730AC279505850052E4BD /* Frameworks */,
				682730AD279505850052E4BD /* Resources */,
				1A70902905CE2AE5EFB08920 /* [CP] Embed Pods Frameworks */,
			);
			buildRules = (
			);
			dependencies = (
			);
			name = Firebase_Auth_Project;
			productName = Firebase_Auth_Project;
			productReference = 682730AF279505850052E4BD /* Firebase_Auth_Project.app */;
			productType = "com.apple.product-type.application";
		};
/* End PBXNativeTarget section */

/* Begin PBXProject section */
		682730A7279505840052E4BD /* Project object */ = {
			isa = PBXProject;
			attributes = {
				BuildIndependentTargetsInParallel = 1;
				LastSwiftUpdateCheck = 1300;
				LastUpgradeCheck = 1300;
				TargetAttributes = {
					682730AE279505850052E4BD = {
						CreatedOnToolsVersion = 13.0;
					};
				};
			};
			buildConfigurationList = 682730AA279505840052E4BD /* Build configuration list for PBXProject "Firebase_Auth_Project" */;
			compatibilityVersion = "Xcode 13.0";
			developmentRegion = en;
			hasScannedForEncodings = 0;
			knownRegions = (
				en,
				Base,
			);
			mainGroup = 682730A6279505840052E4BD;
			productRefGroup = 682730B0279505850052E4BD /* Products */;
			projectDirPath = "";
			projectRoot = "";
			targets = (
				682730AE279505850052E4BD /* Firebase_Auth_Project */,
			);
		};
/* End PBXProject section */

/* Begin PBXResourcesBuildPhase section */
		682730AD279505850052E4BD /* Resources */ = {
			isa = PBXResourcesBuildPhase;
			buildActionMask = 2147483647;
			files = (
				682730BF279505860052E4BD /* LaunchScreen.storyboard in Resources */,
				682730ED27965D5E0052E4BD /* GoogleService-Info.plist in Resources */,
				682730BC279505860052E4BD /* Assets.xcassets in Resources */,
				682730BA279505850052E4BD /* Main.storyboard in Resources */,
			);
			runOnlyForDeploymentPostprocessing = 0;
		};
/* End PBXResourcesBuildPhase section */

/* Begin PBXShellScriptBuildPhase section */
		1A70902905CE2AE5EFB08920 /* [CP] Embed Pods Frameworks */ = {
			isa = PBXShellScriptBuildPhase;
			buildActionMask = 2147483647;
			files = (
			);
			inputFileListPaths = (
				"${PODS_ROOT}/Target Support Files/Pods-Firebase_Auth_Project/Pods-Firebase_Auth_Project-frameworks-${CONFIGURATION}-input-files.xcfilelist",
			);
			name = "[CP] Embed Pods Frameworks";
			outputFileListPaths = (
				"${PODS_ROOT}/Target Support Files/Pods-Firebase_Auth_Project/Pods-Firebase_Auth_Project-frameworks-${CONFIGURATION}-output-files.xcfilelist",
			);
			runOnlyForDeploymentPostprocessing = 0;
			shellPath = /bin/sh;
			shellScript = "\"${PODS_ROOT}/Target Support Files/Pods-Firebase_Auth_Project/Pods-Firebase_Auth_Project-frameworks.sh\"\n";
			showEnvVarsInLog = 0;
		};
		5450D7D6999B573BD0410031 /* [CP] Check Pods Manifest.lock */ = {
			isa = PBXShellScriptBuildPhase;
			buildActionMask = 2147483647;
			files = (
			);
			inputFileListPaths = (
			);
			inputPaths = (
				"${PODS_PODFILE_DIR_PATH}/Podfile.lock",
				"${PODS_ROOT}/Manifest.lock",
			);
			name = "[CP] Check Pods Manifest.lock";
			outputFileListPaths = (
			);
			outputPaths = (
				"$(DERIVED_FILE_DIR)/Pods-Firebase_Auth_Project-checkManifestLockResult.txt",
			);
			runOnlyForDeploymentPostprocessing = 0;
			shellPath = /bin/sh;
			shellScript = "diff \"${PODS_PODFILE_DIR_PATH}/Podfile.lock\" \"${PODS_ROOT}/Manifest.lock\" > /dev/null\nif [ $? != 0 ] ; then\n    # print error to STDERR\n    echo \"error: The sandbox is not in sync with the Podfile.lock. Run 'pod install' or update your CocoaPods installation.\" >&2\n    exit 1\nfi\n# This output is used by Xcode 'outputs' to avoid re-running this script phase.\necho \"SUCCESS\" > \"${SCRIPT_OUTPUT_FILE_0}\"\n";
			showEnvVarsInLog = 0;
		};
/* End PBXShellScriptBuildPhase section */

/* Begin PBXSourcesBuildPhase section */
		682730AB279505850052E4BD /* Sources */ = {
			isa = PBXSourcesBuildPhase;
			buildActionMask = 2147483647;
			files = (
				682730B7279505850052E4BD /* ViewController.swift in Sources */,
				682730B3279505850052E4BD /* AppDelegate.swift in Sources */,
				682730B5279505850052E4BD /* SceneDelegate.swift in Sources */,
			);
			runOnlyForDeploymentPostprocessing = 0;
		};
/* End PBXSourcesBuildPhase section */

/* Begin PBXVariantGroup section */
		682730B8279505850052E4BD /* Main.storyboard */ = {
			isa = PBXVariantGroup;
			children = (
				682730B9279505850052E4BD /* Base */,
			);
			name = Main.storyboard;
			sourceTree = "<group>";
		};
		682730BD279505860052E4BD /* LaunchScreen.storyboard */ = {
			isa = PBXVariantGroup;
			children = (
				682730BE279505860052E4BD /* Base */,
			);
			name = LaunchScreen.storyboard;
			sourceTree = "<group>";
		};
/* End PBXVariantGroup section */

/* Begin XCBuildConfiguration section */
		682730C1279505860052E4BD /* Debug */ = {
			isa = XCBuildConfiguration;
			buildSettings = {
				ALWAYS_SEARCH_USER_PATHS = NO;
				CLANG_ANALYZER_NONNULL = YES;
				CLANG_ANALYZER_NUMBER_OBJECT_CONVERSION = YES_AGGRESSIVE;
				CLANG_CXX_LANGUAGE_STANDARD = "gnu++17";
				CLANG_CXX_LIBRARY = "libc++";
				CLANG_ENABLE_MODULES = YES;
				CLANG_ENABLE_OBJC_ARC = YES;
				CLANG_ENABLE_OBJC_WEAK = YES;
				CLANG_WARN_BLOCK_CAPTURE_AUTORELEASING = YES;
				CLANG_WARN_BOOL_CONVERSION = YES;
				CLANG_WARN_COMMA = YES;
				CLANG_WARN_CONSTANT_CONVERSION = YES;
				CLANG_WARN_DEPRECATED_OBJC_IMPLEMENTATIONS = YES;
				CLANG_WARN_DIRECT_OBJC_ISA_USAGE = YES_ERROR;
				CLANG_WARN_DOCUMENTATION_COMMENTS = YES;
				CLANG_WARN_EMPTY_BODY = YES;
				CLANG_WARN_ENUM_CONVERSION = YES;
				CLANG_WARN_INFINITE_RECURSION = YES;
				CLANG_WARN_INT_CONVERSION = YES;
				CLANG_WARN_NON_LITERAL_NULL_CONVERSION = YES;
				CLANG_WARN_OBJC_IMPLICIT_RETAIN_SELF = YES;
				CLANG_WARN_OBJC_LITERAL_CONVERSION = YES;
				CLANG_WARN_OBJC_ROOT_CLASS = YES_ERROR;
				CLANG_WARN_QUOTED_INCLUDE_IN_FRAMEWORK_HEADER = YES;
				CLANG_WARN_RANGE_LOOP_ANALYSIS = YES;
				CLANG_WARN_STRICT_PROTOTYPES = YES;
				CLANG_WARN_SUSPICIOUS_MOVE = YES;
				CLANG_WARN_UNGUARDED_AVAILABILITY = YES_AGGRESSIVE;
				CLANG_WARN_UNREACHABLE_CODE = YES;
				CLANG_WARN__DUPLICATE_METHOD_MATCH = YES;
				COPY_PHASE_STRIP = NO;
				DEBUG_INFORMATION_FORMAT = dwarf;
				ENABLE_STRICT_OBJC_MSGSEND = YES;
				ENABLE_TESTABILITY = YES;
				GCC_C_LANGUAGE_STANDARD = gnu11;
				GCC_DYNAMIC_NO_PIC = NO;
				GCC_NO_COMMON_BLOCKS = YES;
				GCC_OPTIMIZATION_LEVEL = 0;
				GCC_PREPROCESSOR_DEFINITIONS = (
					"DEBUG=1",
					"$(inherited)",
				);
				GCC_WARN_64_TO_32_BIT_CONVERSION = YES;
				GCC_WARN_ABOUT_RETURN_TYPE = YES_ERROR;
				GCC_WARN_UNDECLARED_SELECTOR = YES;
				GCC_WARN_UNINITIALIZED_AUTOS = YES_AGGRESSIVE;
				GCC_WARN_UNUSED_FUNCTION = YES;
				GCC_WARN_UNUSED_VARIABLE = YES;
				IPHONEOS_DEPLOYMENT_TARGET = 15.0;
				MTL_ENABLE_DEBUG_INFO = INCLUDE_SOURCE;
				MTL_FAST_MATH = YES;
				ONLY_ACTIVE_ARCH = YES;
				SDKROOT = iphoneos;
				SWIFT_ACTIVE_COMPILATION_CONDITIONS = DEBUG;
				SWIFT_OPTIMIZATION_LEVEL = "-Onone";
			};
			name = Debug;
		};
		682730C2279505860052E4BD /* Release */ = {
			isa = XCBuildConfiguration;
			buildSettings = {
				ALWAYS_SEARCH_USER_PATHS = NO;
				CLANG_ANALYZER_NONNULL = YES;
				CLANG_ANALYZER_NUMBER_OBJECT_CONVERSION = YES_AGGRESSIVE;
				CLANG_CXX_LANGUAGE_STANDARD = "gnu++17";
				CLANG_CXX_LIBRARY = "libc++";
				CLANG_ENABLE_MODULES = YES;
				CLANG_ENABLE_OBJC_ARC = YES;
				CLANG_ENABLE_OBJC_WEAK = YES;
				CLANG_WARN_BLOCK_CAPTURE_AUTORELEASING = YES;
				CLANG_WARN_BOOL_CONVERSION = YES;
				CLANG_WARN_COMMA = YES;
				CLANG_WARN_CONSTANT_CONVERSION = YES;
				CLANG_WARN_DEPRECATED_OBJC_IMPLEMENTATIONS = YES;
				CLANG_WARN_DIRECT_OBJC_ISA_USAGE = YES_ERROR;
				CLANG_WARN_DOCUMENTATION_COMMENTS = YES;
				CLANG_WARN_EMPTY_BODY = YES;
				CLANG_WARN_ENUM_CONVERSION = YES;
				CLANG_WARN_INFINITE_RECURSION = YES;
				CLANG_WARN_INT_CONVERSION = YES;
				CLANG_WARN_NON_LITERAL_NULL_CONVERSION = YES;
				CLANG_WARN_OBJC_IMPLICIT_RETAIN_SELF = YES;
				CLANG_WARN_OBJC_LITERAL_CONVERSION = YES;
				CLANG_WARN_OBJC_ROOT_CLASS = YES_ERROR;
				CLANG_WARN_QUOTED_INCLUDE_IN_FRAMEWORK_HEADER = YES;
				CLANG_WARN_RANGE_LOOP_ANALYSIS = YES;
				CLANG_WARN_STRICT_PROTOTYPES = YES;
				CLANG_WARN_SUSPICIOUS_MOVE = YES;
				CLANG_WARN_UNGUARDED_AVAILABILITY = YES_AGGRESSIVE;
				CLANG_WARN_UNREACHABLE_CODE = YES;
				CLANG_WARN__DUPLICATE_METHOD_MATCH = YES;
				COPY_PHASE_STRIP = NO;
				DEBUG_INFORMATION_FORMAT = "dwarf-with-dsym";
				ENABLE_NS_ASSERTIONS = NO;
				ENABLE_STRICT_OBJC_MSGSEND = YES;
				GCC_C_LANGUAGE_STANDARD = gnu11;
				GCC_NO_COMMON_BLOCKS = YES;
				GCC_WARN_64_TO_32_BIT_CONVERSION = YES;
				GCC_WARN_ABOUT_RETURN_TYPE = YES_ERROR;
				GCC_WARN_UNDECLARED_SELECTOR = YES;
				GCC_WARN_UNINITIALIZED_AUTOS = YES_AGGRESSIVE;
				GCC_WARN_UNUSED_FUNCTION = YES;
				GCC_WARN_UNUSED_VARIABLE = YES;
				IPHONEOS_DEPLOYMENT_TARGET = 15.0;
				MTL_ENABLE_DEBUG_INFO = NO;
				MTL_FAST_MATH = YES;
				SDKROOT = iphoneos;
				SWIFT_COMPILATION_MODE = wholemodule;
				SWIFT_OPTIMIZATION_LEVEL = "-O";
				VALIDATE_PRODUCT = YES;
			};
			name = Release;
		};
		682730C4279505860052E4BD /* Debug */ = {
			isa = XCBuildConfiguration;
			baseConfigurationReference = 19C5A8041E52CD838F263598 /* Pods-Firebase_Auth_Project.debug.xcconfig */;
			buildSettings = {
				ASSETCATALOG_COMPILER_APPICON_NAME = AppIcon;
				ASSETCATALOG_COMPILER_GLOBAL_ACCENT_COLOR_NAME = AccentColor;
				CODE_SIGN_ENTITLEMENTS = Firebase_Auth_Project/Firebase_Auth_Project.entitlements;
				CODE_SIGN_STYLE = Automatic;
				CURRENT_PROJECT_VERSION = 1;
				DEVELOPMENT_TEAM = 4YMA7W8T46;
				GENERATE_INFOPLIST_FILE = YES;
				INFOPLIST_FILE = Firebase_Auth_Project/Info.plist;
				INFOPLIST_KEY_UIApplicationSupportsIndirectInputEvents = YES;
				INFOPLIST_KEY_UILaunchStoryboardName = LaunchScreen;
				INFOPLIST_KEY_UIMainStoryboardFile = Main;
				INFOPLIST_KEY_UISupportedInterfaceOrientations_iPad = "UIInterfaceOrientationPortrait UIInterfaceOrientationPortraitUpsideDown UIInterfaceOrientationLandscapeLeft UIInterfaceOrientationLandscapeRight";
				INFOPLIST_KEY_UISupportedInterfaceOrientations_iPhone = "UIInterfaceOrientationPortrait UIInterfaceOrientationLandscapeLeft UIInterfaceOrientationLandscapeRight";
				LD_RUNPATH_SEARCH_PATHS = (
					"$(inherited)",
					"@executable_path/Frameworks",
				);
				MARKETING_VERSION = 1.0;
				PRODUCT_BUNDLE_IDENTIFIER = "com.ssac.Firebase-Auth-Project";
				PRODUCT_NAME = "$(TARGET_NAME)";
				SWIFT_EMIT_LOC_STRINGS = YES;
				SWIFT_VERSION = 5.0;
				TARGETED_DEVICE_FAMILY = "1,2";
			};
			name = Debug;
		};
		682730C5279505860052E4BD /* Release */ = {
			isa = XCBuildConfiguration;
			baseConfigurationReference = B3FC8BFC298DDCE80F952AC7 /* Pods-Firebase_Auth_Project.release.xcconfig */;
			buildSettings = {
				ASSETCATALOG_COMPILER_APPICON_NAME = AppIcon;
				ASSETCATALOG_COMPILER_GLOBAL_ACCENT_COLOR_NAME = AccentColor;
				CODE_SIGN_ENTITLEMENTS = Firebase_Auth_Project/Firebase_Auth_ProjectRelease.entitlements;
				CODE_SIGN_STYLE = Automatic;
				CURRENT_PROJECT_VERSION = 1;
				DEVELOPMENT_TEAM = 4YMA7W8T46;
				GENERATE_INFOPLIST_FILE = YES;
				INFOPLIST_FILE = Firebase_Auth_Project/Info.plist;
				INFOPLIST_KEY_UIApplicationSupportsIndirectInputEvents = YES;
				INFOPLIST_KEY_UILaunchStoryboardName = LaunchScreen;
				INFOPLIST_KEY_UIMainStoryboardFile = Main;
				INFOPLIST_KEY_UISupportedInterfaceOrientations_iPad = "UIInterfaceOrientationPortrait UIInterfaceOrientationPortraitUpsideDown UIInterfaceOrientationLandscapeLeft UIInterfaceOrientationLandscapeRight";
				INFOPLIST_KEY_UISupportedInterfaceOrientations_iPhone = "UIInterfaceOrientationPortrait UIInterfaceOrientationLandscapeLeft UIInterfaceOrientationLandscapeRight";
				LD_RUNPATH_SEARCH_PATHS = (
					"$(inherited)",
					"@executable_path/Frameworks",
				);
				MARKETING_VERSION = 1.0;
				PRODUCT_BUNDLE_IDENTIFIER = "com.ssac.Firebase-Auth-Project";
				PRODUCT_NAME = "$(TARGET_NAME)";
				SWIFT_EMIT_LOC_STRINGS = YES;
				SWIFT_VERSION = 5.0;
				TARGETED_DEVICE_FAMILY = "1,2";
			};
			name = Release;
		};
/* End XCBuildConfiguration section */

/* Begin XCConfigurationList section */
		682730AA279505840052E4BD /* Build configuration list for PBXProject "Firebase_Auth_Project" */ = {
			isa = XCConfigurationList;
			buildConfigurations = (
				682730C1279505860052E4BD /* Debug */,
				682730C2279505860052E4BD /* Release */,
			);
			defaultConfigurationIsVisible = 0;
			defaultConfigurationName = Release;
		};
		682730C3279505860052E4BD /* Build configuration list for PBXNativeTarget "Firebase_Auth_Project" */ = {
			isa = XCConfigurationList;
			buildConfigurations = (
				682730C4279505860052E4BD /* Debug */,
				682730C5279505860052E4BD /* Release */,
			);
			defaultConfigurationIsVisible = 0;
			defaultConfigurationName = Release;
		};
/* End XCConfigurationList section */
	};
	rootObject = 682730A7279505840052E4BD /* Project object */;
}
